
Microsoft Visual Studio Solution File, Format Version 12.00
# Visual Studio Version 17
VisualStudioVersion = 17.9.34728.123
MinimumVisualStudioVersion = 10.0.40219.1
Project("{FAE04EC0-301F-11D3-BF4B-00C04F79EFBC}") = "ServerTecsu", "ServerTecsu\ServerTecsu.csproj", "{5995B4F3-FD28-4824-8333-95ED7BC0BFA6}"
EndProject
Project("{FAE04EC0-301F-11D3-BF4B-00C04F79EFBC}") = "ServerTecsu.Models", "ServerTecsu.Models\ServerTecsu.Models.csproj", "{6262D670-5519-418E-99DB-B466F9A9A3FF}"
EndProject
Project("{FAE04EC0-301F-11D3-BF4B-00C04F79EFBC}") = "ServerTecsu.Business", "ServerTecsu.Business\ServerTecsu.Business.csproj", "{ADA75133-1CF6-4203-A815-F18AB2643134}"
EndProject
Global
	GlobalSection(SolutionConfigurationPlatforms) = preSolution
		Debug|Any CPU = Debug|Any CPU
		Release|Any CPU = Release|Any CPU
	EndGlobalSection
	GlobalSection(ProjectConfigurationPlatforms) = postSolution
		{5995B4F3-FD28-4824-8333-95ED7BC0BFA6}.Debug|Any CPU.ActiveCfg = Debug|Any CPU
		{5995B4F3-FD28-4824-8333-95ED7BC0BFA6}.Debug|Any CPU.Build.0 = Debug|Any CPU
		{5995B4F3-FD28-4824-8333-95ED7BC0BFA6}.Release|Any CPU.ActiveCfg = Release|Any CPU
		{5995B4F3-FD28-4824-8333-95ED7BC0BFA6}.Release|Any CPU.Build.0 = Release|Any CPU
		{6262D670-5519-418E-99DB-B466F9A9A3FF}.Debug|Any CPU.ActiveCfg = Debug|Any CPU
		{6262D670-5519-418E-99DB-B466F9A9A3FF}.Debug|Any CPU.Build.0 = Debug|Any CPU
		{6262D670-5519-418E-99DB-B466F9A9A3FF}.Release|Any CPU.ActiveCfg = Release|Any CPU
		{6262D670-5519-418E-99DB-B466F9A9A3FF}.Release|Any CPU.Build.0 = Release|Any CPU
		{ADA75133-1CF6-4203-A815-F18AB2643134}.Debug|Any CPU.ActiveCfg = Debug|Any CPU
		{ADA75133-1CF6-4203-A815-F18AB2643134}.Debug|Any CPU.Build.0 = Debug|Any CPU
		{ADA75133-1CF6-4203-A815-F18AB2643134}.Release|Any CPU.ActiveCfg = Release|Any CPU
		{ADA75133-1CF6-4203-A815-F18AB2643134}.Release|Any CPU.Build.0 = Release|Any CPU
	EndGlobalSection
	GlobalSection(SolutionProperties) = preSolution
		HideSolutionNode = FALSE
	EndGlobalSection
	GlobalSection(ExtensibilityGlobals) = postSolution
		SolutionGuid = {3860ABC4-74F3-4516-832B-FE67990980C9}
	EndGlobalSection
EndGlobal
